// !$*UTF8*$!
{
	archiveVersion = 1;
	classes = {
	};
	objectVersion = 50;
	objects = {

/* Begin PBXBuildFile section */
		BEED60EE2484D9B800172FF3 /* AppDelegate.swift in Sources */ = {isa = PBXBuildFile; fileRef = BEED60ED2484D9B800172FF3 /* AppDelegate.swift */; };
		BEED60F02484D9B800172FF3 /* SceneDelegate.swift in Sources */ = {isa = PBXBuildFile; fileRef = BEED60EF2484D9B800172FF3 /* SceneDelegate.swift */; };
		BEED60F22484D9B800172FF3 /* ViewController.swift in Sources */ = {isa = PBXBuildFile; fileRef = BEED60F12484D9B800172FF3 /* ViewController.swift */; };
		BEED60F52484D9B800172FF3 /* Main.storyboard in Resources */ = {isa = PBXBuildFile; fileRef = BEED60F32484D9B800172FF3 /* Main.storyboard */; };
		BEED60F72484D9BA00172FF3 /* Assets.xcassets in Resources */ = {isa = PBXBuildFile; fileRef = BEED60F62484D9BA00172FF3 /* Assets.xcassets */; };
		BEED60FA2484D9BA00172FF3 /* LaunchScreen.storyboard in Resources */ = {isa = PBXBuildFile; fileRef = BEED60F82484D9BA00172FF3 /* LaunchScreen.storyboard */; };
		BEED61052484D9BB00172FF3 /* money_converterTests.swift in Sources */ = {isa = PBXBuildFile; fileRef = BEED61042484D9BB00172FF3 /* money_converterTests.swift */; };
		BEED61102484D9BB00172FF3 /* money_converterUITests.swift in Sources */ = {isa = PBXBuildFile; fileRef = BEED610F2484D9BB00172FF3 /* money_converterUITests.swift */; };
/* End PBXBuildFile section */

/* Begin PBXContainerItemProxy section */
		BEED61012484D9BB00172FF3 /* PBXContainerItemProxy */ = {
			isa = PBXContainerItemProxy;
			containerPortal = BEED60E22484D9B800172FF3 /* Project object */;
			proxyType = 1;
			remoteGlobalIDString = BEED60E92484D9B800172FF3;
			remoteInfo = money_converter;
		};
		BEED610C2484D9BB00172FF3 /* PBXContainerItemProxy */ = {
			isa = PBXContainerItemProxy;
			containerPortal = BEED60E22484D9B800172FF3 /* Project object */;
			proxyType = 1;
			remoteGlobalIDString = BEED60E92484D9B800172FF3;
			remoteInfo = money_converter;
		};
/* End PBXContainerItemProxy section */

/* Begin PBXFileReference section */
		BEED60EA2484D9B800172FF3 /* money_converter.app */ = {isa = PBXFileReference; explicitFileType = wrapper.application; includeInIndex = 0; path = money_converter.app; sourceTree = BUILT_PRODUCTS_DIR; };
		BEED60ED2484D9B800172FF3 /* AppDelegate.swift */ = {isa = PBXFileReference; lastKnownFileType = sourcecode.swift; path = AppDelegate.swift; sourceTree = "<group>"; };
		BEED60EF2484D9B800172FF3 /* SceneDelegate.swift */ = {isa = PBXFileReference; lastKnownFileType = sourcecode.swift; path = SceneDelegate.swift; sourceTree = "<group>"; };
		BEED60F12484D9B800172FF3 /* ViewController.swift */ = {isa = PBXFileReference; lastKnownFileType = sourcecode.swift; path = ViewController.swift; sourceTree = "<group>"; };
		BEED60F42484D9B800172FF3 /* Base */ = {isa = PBXFileReference; lastKnownFileType = file.storyboard; name = Base; path = Base.lproj/Main.storyboard; sourceTree = "<group>"; };
		BEED60F62484D9BA00172FF3 /* Assets.xcassets */ = {isa = PBXFileReference; lastKnownFileType = folder.assetcatalog; path = Assets.xcassets; sourceTree = "<group>"; };
		BEED60F92484D9BA00172FF3 /* Base */ = {isa = PBXFileReference; lastKnownFileType = file.storyboard; name = Base; path = Base.lproj/LaunchScreen.storyboard; sourceTree = "<group>"; };
		BEED60FB2484D9BA00172FF3 /* Info.plist */ = {isa = PBXFileReference; lastKnownFileType = text.plist.xml; path = Info.plist; sourceTree = "<group>"; };
		BEED61002484D9BB00172FF3 /* money_converterTests.xctest */ = {isa = PBXFileReference; explicitFileType = wrapper.cfbundle; includeInIndex = 0; path = money_converterTests.xctest; sourceTree = BUILT_PRODUCTS_DIR; };
		BEED61042484D9BB00172FF3 /* money_converterTests.swift */ = {isa = PBXFileReference; lastKnownFileType = sourcecode.swift; path = money_converterTests.swift; sourceTree = "<group>"; };
		BEED61062484D9BB00172FF3 /* Info.plist */ = {isa = PBXFileReference; lastKnownFileType = text.plist.xml; path = Info.plist; sourceTree = "<group>"; };
		BEED610B2484D9BB00172FF3 /* money_converterUITests.xctest */ = {isa = PBXFileReference; explicitFileType = wrapper.cfbundle; includeInIndex = 0; path = money_converterUITests.xctest; sourceTree = BUILT_PRODUCTS_DIR; };
		BEED610F2484D9BB00172FF3 /* money_converterUITests.swift */ = {isa = PBXFileReference; lastKnownFileType = sourcecode.swift; path = money_converterUITests.swift; sourceTree = "<group>"; };
		BEED61112484D9BB00172FF3 /* Info.plist */ = {isa = PBXFileReference; lastKnownFileType = text.plist.xml; path = Info.plist; sourceTree = "<group>"; };
/* End PBXFileReference section */

/* Begin PBXFrameworksBuildPhase section */
		BEED60E72484D9B800172FF3 /* Frameworks */ = {
			isa = PBXFrameworksBuildPhase;
			buildActionMask = 2147483647;
			files = (
			);
			runOnlyForDeploymentPostprocessing = 0;
		};
		BEED60FD2484D9BB00172FF3 /* Frameworks */ = {
			isa = PBXFrameworksBuildPhase;
			buildActionMask = 2147483647;
			files = (
			);
			runOnlyForDeploymentPostprocessing = 0;
		};
		BEED61082484D9BB00172FF3 /* Frameworks */ = {
			isa = PBXFrameworksBuildPhase;
			buildActionMask = 2147483647;
			files = (
			);
			runOnlyForDeploymentPostprocessing = 0;
		};
/* End PBXFrameworksBuildPhase section */

/* Begin PBXGroup section */
		BEED60E12484D9B800172FF3 = {
			isa = PBXGroup;
			children = (
				BEED60EC2484D9B800172FF3 /* money_converter */,
				BEED61032484D9BB00172FF3 /* money_converterTests */,
				BEED610E2484D9BB00172FF3 /* money_converterUITests */,
				BEED60EB2484D9B800172FF3 /* Products */,
			);
			sourceTree = "<group>";
		};
		BEED60EB2484D9B800172FF3 /* Products */ = {
			isa = PBXGroup;
			children = (
				BEED60EA2484D9B800172FF3 /* money_converter.app */,
				BEED61002484D9BB00172FF3 /* money_converterTests.xctest */,
				BEED610B2484D9BB00172FF3 /* money_converterUITests.xctest */,
			);
			name = Products;
			sourceTree = "<group>";
		};
		BEED60EC2484D9B800172FF3 /* money_converter */ = {
			isa = PBXGroup;
			children = (
				BEED60ED2484D9B800172FF3 /* AppDelegate.swift */,
				BEED60EF2484D9B800172FF3 /* SceneDelegate.swift */,
				BEED60F12484D9B800172FF3 /* ViewController.swift */,
				BEED60F32484D9B800172FF3 /* Main.storyboard */,
				BEED60F62484D9BA00172FF3 /* Assets.xcassets */,
				BEED60F82484D9BA00172FF3 /* LaunchScreen.storyboard */,
				BEED60FB2484D9BA00172FF3 /* Info.plist */,
			);
			path = money_converter;
			sourceTree = "<group>";
		};
		BEED61032484D9BB00172FF3 /* money_converterTests */ = {
			isa = PBXGroup;
			children = (
				BEED61042484D9BB00172FF3 /* money_converterTests.swift */,
				BEED61062484D9BB00172FF3 /* Info.plist */,
			);
			path = money_converterTests;
			sourceTree = "<group>";
		};
		BEED610E2484D9BB00172FF3 /* money_converterUITests */ = {
			isa = PBXGroup;
			children = (
				BEED610F2484D9BB00172FF3 /* money_converterUITests.swift */,
				BEED61112484D9BB00172FF3 /* Info.plist */,
			);
			path = money_converterUITests;
			sourceTree = "<group>";
		};
/* End PBXGroup section */

/* Begin PBXNativeTarget section */
		BEED60E92484D9B800172FF3 /* money_converter */ = {
			isa = PBXNativeTarget;
			buildConfigurationList = BEED61142484D9BB00172FF3 /* Build configuration list for PBXNativeTarget "money_converter" */;
			buildPhases = (
				BEED60E62484D9B800172FF3 /* Sources */,
				BEED60E72484D9B800172FF3 /* Frameworks */,
				BEED60E82484D9B800172FF3 /* Resources */,
			);
			buildRules = (
			);
			dependencies = (
			);
			name = money_converter;
			productName = money_converter;
			productReference = BEED60EA2484D9B800172FF3 /* money_converter.app */;
			productType = "com.apple.product-type.application";
		};
		BEED60FF2484D9BB00172FF3 /* money_converterTests */ = {
			isa = PBXNativeTarget;
			buildConfigurationList = BEED61172484D9BB00172FF3 /* Build configuration list for PBXNativeTarget "money_converterTests" */;
			buildPhases = (
				BEED60FC2484D9BB00172FF3 /* Sources */,
				BEED60FD2484D9BB00172FF3 /* Frameworks */,
				BEED60FE2484D9BB00172FF3 /* Resources */,
			);
			buildRules = (
			);
			dependencies = (
				BEED61022484D9BB00172FF3 /* PBXTargetDependency */,
			);
			name = money_converterTests;
			productName = money_converterTests;
			productReference = BEED61002484D9BB00172FF3 /* money_converterTests.xctest */;
			productType = "com.apple.product-type.bundle.unit-test";
		};
		BEED610A2484D9BB00172FF3 /* money_converterUITests */ = {
			isa = PBXNativeTarget;
			buildConfigurationList = BEED611A2484D9BB00172FF3 /* Build configuration list for PBXNativeTarget "money_converterUITests" */;
			buildPhases = (
				BEED61072484D9BB00172FF3 /* Sources */,
				BEED61082484D9BB00172FF3 /* Frameworks */,
				BEED61092484D9BB00172FF3 /* Resources */,
			);
			buildRules = (
			);
			dependencies = (
				BEED610D2484D9BB00172FF3 /* PBXTargetDependency */,
			);
			name = money_converterUITests;
			productName = money_converterUITests;
			productReference = BEED610B2484D9BB00172FF3 /* money_converterUITests.xctest */;
			productType = "com.apple.product-type.bundle.ui-testing";
		};
/* End PBXNativeTarget section */

/* Begin PBXProject section */
		BEED60E22484D9B800172FF3 /* Project object */ = {
			isa = PBXProject;
			attributes = {
				LastSwiftUpdateCheck = 1150;
				LastUpgradeCheck = 1150;
				ORGANIZATIONNAME = "Irene Skvortsova";
				TargetAttributes = {
					BEED60E92484D9B800172FF3 = {
						CreatedOnToolsVersion = 11.5;
					};
					BEED60FF2484D9BB00172FF3 = {
						CreatedOnToolsVersion = 11.5;
						TestTargetID = BEED60E92484D9B800172FF3;
					};
					BEED610A2484D9BB00172FF3 = {
						CreatedOnToolsVersion = 11.5;
						TestTargetID = BEED60E92484D9B800172FF3;
					};
				};
			};
			buildConfigurationList = BEED60E52484D9B800172FF3 /* Build configuration list for PBXProject "money_converter" */;
			compatibilityVersion = "Xcode 9.3";
			developmentRegion = en;
			hasScannedForEncodings = 0;
			knownRegions = (
				en,
				Base,
			);
			mainGroup = BEED60E12484D9B800172FF3;
			productRefGroup = BEED60EB2484D9B800172FF3 /* Products */;
			projectDirPath = "";
			projectRoot = "";
			targets = (
				BEED60E92484D9B800172FF3 /* money_converter */,
				BEED60FF2484D9BB00172FF3 /* money_converterTests */,
				BEED610A2484D9BB00172FF3 /* money_converterUITests */,
			);
		};
/* End PBXProject section */

/* Begin PBXResourcesBuildPhase section */
		BEED60E82484D9B800172FF3 /* Resources */ = {
			isa = PBXResourcesBuildPhase;
			buildActionMask = 2147483647;
			files = (
				BEED60FA2484D9BA00172FF3 /* LaunchScreen.storyboard in Resources */,
				BEED60F72484D9BA00172FF3 /* Assets.xcassets in Resources */,
				BEED60F52484D9B800172FF3 /* Main.storyboard in Resources */,
			);
			runOnlyForDeploymentPostprocessing = 0;
		};
		BEED60FE2484D9BB00172FF3 /* Resources */ = {
			isa = PBXResourcesBuildPhase;
			buildActionMask = 2147483647;
			files = (
			);
			runOnlyForDeploymentPostprocessing = 0;
		};
		BEED61092484D9BB00172FF3 /* Resources */ = {
			isa = PBXResourcesBuildPhase;
			buildActionMask = 2147483647;
			files = (
			);
			runOnlyForDeploymentPostprocessing = 0;
		};
/* End PBXResourcesBuildPhase section */

/* Begin PBXSourcesBuildPhase section */
		BEED60E62484D9B800172FF3 /* Sources */ = {
			isa = PBXSourcesBuildPhase;
			buildActionMask = 2147483647;
			files = (
				BEED60F22484D9B800172FF3 /* ViewController.swift in Sources */,
				BEED60EE2484D9B800172FF3 /* AppDelegate.swift in Sources */,
				BEED60F02484D9B800172FF3 /* SceneDelegate.swift in Sources */,
			);
			runOnlyForDeploymentPostprocessing = 0;
		};
		BEED60FC2484D9BB00172FF3 /* Sources */ = {
			isa = PBXSourcesBuildPhase;
			buildActionMask = 2147483647;
			files = (
				BEED61052484D9BB00172FF3 /* money_converterTests.swift in Sources */,
			);
			runOnlyForDeploymentPostprocessing = 0;
		};
		BEED61072484D9BB00172FF3 /* Sources */ = {
			isa = PBXSourcesBuildPhase;
			buildActionMask = 2147483647;
			files = (
				BEED61102484D9BB00172FF3 /* money_converterUITests.swift in Sources */,
			);
			runOnlyForDeploymentPostprocessing = 0;
		};
/* End PBXSourcesBuildPhase section */

/* Begin PBXTargetDependency section */
		BEED61022484D9BB00172FF3 /* PBXTargetDependency */ = {
			isa = PBXTargetDependency;
			target = BEED60E92484D9B800172FF3 /* money_converter */;
			targetProxy = BEED61012484D9BB00172FF3 /* PBXContainerItemProxy */;
		};
		BEED610D2484D9BB00172FF3 /* PBXTargetDependency */ = {
			isa = PBXTargetDependency;
			target = BEED60E92484D9B800172FF3 /* money_converter */;
			targetProxy = BEED610C2484D9BB00172FF3 /* PBXContainerItemProxy */;
		};
/* End PBXTargetDependency section */

/* Begin PBXVariantGroup section */
		BEED60F32484D9B800172FF3 /* Main.storyboard */ = {
			isa = PBXVariantGroup;
			children = (
				BEED60F42484D9B800172FF3 /* Base */,
			);
			name = Main.storyboard;
			sourceTree = "<group>";
		};
		BEED60F82484D9BA00172FF3 /* LaunchScreen.storyboard */ = {
			isa = PBXVariantGroup;
			children = (
				BEED60F92484D9BA00172FF3 /* Base */,
			);
			name = LaunchScreen.storyboard;
			sourceTree = "<group>";
		};
/* End PBXVariantGroup section */

/* Begin XCBuildConfiguration section */
		BEED61122484D9BB00172FF3 /* Debug */ = {
			isa = XCBuildConfiguration;
			buildSettings = {
				ALWAYS_SEARCH_USER_PATHS = NO;
				CLANG_ANALYZER_NONNULL = YES;
				CLANG_ANALYZER_NUMBER_OBJECT_CONVERSION = YES_AGGRESSIVE;
				CLANG_CXX_LANGUAGE_STANDARD = "gnu++14";
				CLANG_CXX_LIBRARY = "libc++";
				CLANG_ENABLE_MODULES = YES;
				CLANG_ENABLE_OBJC_ARC = YES;
				CLANG_ENABLE_OBJC_WEAK = YES;
				CLANG_WARN_BLOCK_CAPTURE_AUTORELEASING = YES;
				CLANG_WARN_BOOL_CONVERSION = YES;
				CLANG_WARN_COMMA = YES;
				CLANG_WARN_CONSTANT_CONVERSION = YES;
				CLANG_WARN_DEPRECATED_OBJC_IMPLEMENTATIONS = YES;
				CLANG_WARN_DIRECT_OBJC_ISA_USAGE = YES_ERROR;
				CLANG_WARN_DOCUMENTATION_COMMENTS = YES;
				CLANG_WARN_EMPTY_BODY = YES;
				CLANG_WARN_ENUM_CONVERSION = YES;
				CLANG_WARN_INFINITE_RECURSION = YES;
				CLANG_WARN_INT_CONVERSION = YES;
				CLANG_WARN_NON_LITERAL_NULL_CONVERSION = YES;
				CLANG_WARN_OBJC_IMPLICIT_RETAIN_SELF = YES;
				CLANG_WARN_OBJC_LITERAL_CONVERSION = YES;
				CLANG_WARN_OBJC_ROOT_CLASS = YES_ERROR;
				CLANG_WARN_RANGE_LOOP_ANALYSIS = YES;
				CLANG_WARN_STRICT_PROTOTYPES = YES;
				CLANG_WARN_SUSPICIOUS_MOVE = YES;
				CLANG_WARN_UNGUARDED_AVAILABILITY = YES_AGGRESSIVE;
				CLANG_WARN_UNREACHABLE_CODE = YES;
				CLANG_WARN__DUPLICATE_METHOD_MATCH = YES;
				COPY_PHASE_STRIP = NO;
				DEBUG_INFORMATION_FORMAT = dwarf;
				ENABLE_STRICT_OBJC_MSGSEND = YES;
				ENABLE_TESTABILITY = YES;
				GCC_C_LANGUAGE_STANDARD = gnu11;
				GCC_DYNAMIC_NO_PIC = NO;
				GCC_NO_COMMON_BLOCKS = YES;
				GCC_OPTIMIZATION_LEVEL = 0;
				GCC_PREPROCESSOR_DEFINITIONS = (
					"DEBUG=1",
					"$(inherited)",
				);
				GCC_WARN_64_TO_32_BIT_CONVERSION = YES;
				GCC_WARN_ABOUT_RETURN_TYPE = YES_ERROR;
				GCC_WARN_UNDECLARED_SELECTOR = YES;
				GCC_WARN_UNINITIALIZED_AUTOS = YES_AGGRESSIVE;
				GCC_WARN_UNUSED_FUNCTION = YES;
				GCC_WARN_UNUSED_VARIABLE = YES;
				IPHONEOS_DEPLOYMENT_TARGET = 13.5;
				MTL_ENABLE_DEBUG_INFO = INCLUDE_SOURCE;
				MTL_FAST_MATH = YES;
				ONLY_ACTIVE_ARCH = YES;
				SDKROOT = iphoneos;
				SWIFT_ACTIVE_COMPILATION_CONDITIONS = DEBUG;
				SWIFT_OPTIMIZATION_LEVEL = "-Onone";
			};
			name = Debug;
		};
		BEED61132484D9BB00172FF3 /* Release */ = {
			isa = XCBuildConfiguration;
			buildSettings = {
				ALWAYS_SEARCH_USER_PATHS = NO;
				CLANG_ANALYZER_NONNULL = YES;
				CLANG_ANALYZER_NUMBER_OBJECT_CONVERSION = YES_AGGRESSIVE;
				CLANG_CXX_LANGUAGE_STANDARD = "gnu++14";
				CLANG_CXX_LIBRARY = "libc++";
				CLANG_ENABLE_MODULES = YES;
				CLANG_ENABLE_OBJC_ARC = YES;
				CLANG_ENABLE_OBJC_WEAK = YES;
				CLANG_WARN_BLOCK_CAPTURE_AUTORELEASING = YES;
				CLANG_WARN_BOOL_CONVERSION = YES;
				CLANG_WARN_COMMA = YES;
				CLANG_WARN_CONSTANT_CONVERSION = YES;
				CLANG_WARN_DEPRECATED_OBJC_IMPLEMENTATIONS = YES;
				CLANG_WARN_DIRECT_OBJC_ISA_USAGE = YES_ERROR;
				CLANG_WARN_DOCUMENTATION_COMMENTS = YES;
				CLANG_WARN_EMPTY_BODY = YES;
				CLANG_WARN_ENUM_CONVERSION = YES;
				CLANG_WARN_INFINITE_RECURSION = YES;
				CLANG_WARN_INT_CONVERSION = YES;
				CLANG_WARN_NON_LITERAL_NULL_CONVERSION = YES;
				CLANG_WARN_OBJC_IMPLICIT_RETAIN_SELF = YES;
				CLANG_WARN_OBJC_LITERAL_CONVERSION = YES;
				CLANG_WARN_OBJC_ROOT_CLASS = YES_ERROR;
				CLANG_WARN_RANGE_LOOP_ANALYSIS = YES;
				CLANG_WARN_STRICT_PROTOTYPES = YES;
				CLANG_WARN_SUSPICIOUS_MOVE = YES;
				CLANG_WARN_UNGUARDED_AVAILABILITY = YES_AGGRESSIVE;
				CLANG_WARN_UNREACHABLE_CODE = YES;
				CLANG_WARN__DUPLICATE_METHOD_MATCH = YES;
				COPY_PHASE_STRIP = NO;
				DEBUG_INFORMATION_FORMAT = "dwarf-with-dsym";
				ENABLE_NS_ASSERTIONS = NO;
				ENABLE_STRICT_OBJC_MSGSEND = YES;
				GCC_C_LANGUAGE_STANDARD = gnu11;
				GCC_NO_COMMON_BLOCKS = YES;
				GCC_WARN_64_TO_32_BIT_CONVERSION = YES;
				GCC_WARN_ABOUT_RETURN_TYPE = YES_ERROR;
				GCC_WARN_UNDECLARED_SELECTOR = YES;
				GCC_WARN_UNINITIALIZED_AUTOS = YES_AGGRESSIVE;
				GCC_WARN_UNUSED_FUNCTION = YES;
				GCC_WARN_UNUSED_VARIABLE = YES;
				IPHONEOS_DEPLOYMENT_TARGET = 13.5;
				MTL_ENABLE_DEBUG_INFO = NO;
				MTL_FAST_MATH = YES;
				SDKROOT = iphoneos;
				SWIFT_COMPILATION_MODE = wholemodule;
				SWIFT_OPTIMIZATION_LEVEL = "-O";
				VALIDATE_PRODUCT = YES;
			};
			name = Release;
		};
		BEED61152484D9BB00172FF3 /* Debug */ = {
			isa = XCBuildConfiguration;
			buildSettings = {
				ASSETCATALOG_COMPILER_APPICON_NAME = AppIcon;
				CODE_SIGN_STYLE = Automatic;
				INFOPLIST_FILE = money_converter/Info.plist;
				LD_RUNPATH_SEARCH_PATHS = (
					"$(inherited)",
					"@executable_path/Frameworks",
				);
				PRODUCT_BUNDLE_IDENTIFIER = "irene.money-converter";
				PRODUCT_NAME = "$(TARGET_NAME)";
				SWIFT_VERSION = 5.0;
				TARGETED_DEVICE_FAMILY = "1,2";
			};
			name = Debug;
		};
		BEED61162484D9BB00172FF3 /* Release */ = {
			isa = XCBuildConfiguration;
			buildSettings = {
				ASSETCATALOG_COMPILER_APPICON_NAME = AppIcon;
				CODE_SIGN_STYLE = Automatic;
				INFOPLIST_FILE = money_converter/Info.plist;
				LD_RUNPATH_SEARCH_PATHS = (
					"$(inherited)",
					"@executable_path/Frameworks",
				);
				PRODUCT_BUNDLE_IDENTIFIER = "irene.money-converter";
				PRODUCT_NAME = "$(TARGET_NAME)";
				SWIFT_VERSION = 5.0;
				TARGETED_DEVICE_FAMILY = "1,2";
			};
			name = Release;
		};
		BEED61182484D9BB00172FF3 /* Debug */ = {
			isa = XCBuildConfiguration;
			buildSettings = {
				ALWAYS_EMBED_SWIFT_STANDARD_LIBRARIES = YES;
				BUNDLE_LOADER = "$(TEST_HOST)";
				CODE_SIGN_STYLE = Automatic;
				INFOPLIST_FILE = money_converterTests/Info.plist;
				IPHONEOS_DEPLOYMENT_TARGET = 13.5;
				LD_RUNPATH_SEARCH_PATHS = (
					"$(inherited)",
					"@executable_path/Frameworks",
					"@loader_path/Frameworks",
				);
				PRODUCT_BUNDLE_IDENTIFIER = "irene.money-converterTests";
				PRODUCT_NAME = "$(TARGET_NAME)";
				SWIFT_VERSION = 5.0;
				TARGETED_DEVICE_FAMILY = "1,2";
				TEST_HOST = "$(BUILT_PRODUCTS_DIR)/money_converter.app/money_converter";
			};
			name = Debug;
		};
		BEED61192484D9BB00172FF3 /* Release */ = {
			isa = XCBuildConfiguration;
			buildSettings = {
				ALWAYS_EMBED_SWIFT_STANDARD_LIBRARIES = YES;
				BUNDLE_LOADER = "$(TEST_HOST)";
				CODE_SIGN_STYLE = Automatic;
				INFOPLIST_FILE = money_converterTests/Info.plist;
				IPHONEOS_DEPLOYMENT_TARGET = 13.5;
				LD_RUNPATH_SEARCH_PATHS = (
					"$(inherited)",
					"@executable_path/Frameworks",
					"@loader_path/Frameworks",
				);
				PRODUCT_BUNDLE_IDENTIFIER = "irene.money-converterTests";
				PRODUCT_NAME = "$(TARGET_NAME)";
				SWIFT_VERSION = 5.0;
				TARGETED_DEVICE_FAMILY = "1,2";
				TEST_HOST = "$(BUILT_PRODUCTS_DIR)/money_converter.app/money_converter";
			};
			name = Release;
		};
		BEED611B2484D9BB00172FF3 /* Debug */ = {
			isa = XCBuildConfiguration;
			buildSettings = {
				ALWAYS_EMBED_SWIFT_STANDARD_LIBRARIES = YES;
				CODE_SIGN_STYLE = Automatic;
				INFOPLIST_FILE = money_converterUITests/Info.plist;
				LD_RUNPATH_SEARCH_PATHS = (
					"$(inherited)",
					"@executable_path/Frameworks",
					"@loader_path/Frameworks",
				);
				PRODUCT_BUNDLE_IDENTIFIER = "irene.money-converterUITests";
				PRODUCT_NAME = "$(TARGET_NAME)";
				SWIFT_VERSION = 5.0;
				TARGETED_DEVICE_FAMILY = "1,2";
				TEST_TARGET_NAME = money_converter;
			};
			name = Debug;
		};
		BEED611C2484D9BB00172FF3 /* Release */ = {
			isa = XCBuildConfiguration;
			buildSettings = {
				ALWAYS_EMBED_SWIFT_STANDARD_LIBRARIES = YES;
				CODE_SIGN_STYLE = Automatic;
				INFOPLIST_FILE = money_converterUITests/Info.plist;
				LD_RUNPATH_SEARCH_PATHS = (
					"$(inherited)",
					"@executable_path/Frameworks",
					"@loader_path/Frameworks",
				);
				PRODUCT_BUNDLE_IDENTIFIER = "irene.money-converterUITests";
				PRODUCT_NAME = "$(TARGET_NAME)";
				SWIFT_VERSION = 5.0;
				TARGETED_DEVICE_FAMILY = "1,2";
				TEST_TARGET_NAME = money_converter;
			};
			name = Release;
		};
/* End XCBuildConfiguration section */

/* Begin XCConfigurationList section */
		BEED60E52484D9B800172FF3 /* Build configuration list for PBXProject "money_converter" */ = {
			isa = XCConfigurationList;
			buildConfigurations = (
				BEED61122484D9BB00172FF3 /* Debug */,
				BEED61132484D9BB00172FF3 /* Release */,
			);
			defaultConfigurationIsVisible = 0;
			defaultConfigurationName = Release;
		};
		BEED61142484D9BB00172FF3 /* Build configuration list for PBXNativeTarget "money_converter" */ = {
			isa = XCConfigurationList;
			buildConfigurations = (
				BEED61152484D9BB00172FF3 /* Debug */,
				BEED61162484D9BB00172FF3 /* Release */,
			);
			defaultConfigurationIsVisible = 0;
			defaultConfigurationName = Release;
		};
		BEED61172484D9BB00172FF3 /* Build configuration list for PBXNativeTarget "money_converterTests" */ = {
			isa = XCConfigurationList;
			buildConfigurations = (
				BEED61182484D9BB00172FF3 /* Debug */,
				BEED61192484D9BB00172FF3 /* Release */,
			);
			defaultConfigurationIsVisible = 0;
			defaultConfigurationName = Release;
		};
		BEED611A2484D9BB00172FF3 /* Build configuration list for PBXNativeTarget "money_converterUITests" */ = {
			isa = XCConfigurationList;
			buildConfigurations = (
				BEED611B2484D9BB00172FF3 /* Debug */,
				BEED611C2484D9BB00172FF3 /* Release */,
			);
			defaultConfigurationIsVisible = 0;
			defaultConfigurationName = Release;
		};
/* End XCConfigurationList section */
	};
	rootObject = BEED60E22484D9B800172FF3 /* Project object */;
}
